
Microsoft Visual Studio Solution File, Format Version 12.00
# Visual Studio Version 17
VisualStudioVersion = 17.10.35122.118
MinimumVisualStudioVersion = 10.0.40219.1
Project("{9A19103F-16F7-4668-BE54-9A1E7A4F7556}") = "TestTask", "TestTask\TestTask.csproj", "{4604C126-556C-4AC1-B099-07567D1327F0}"
EndProject
Project("{FAE04EC0-301F-11D3-BF4B-00C04F79EFBC}") = "TestProject.Api", "TestProject.Api\TestProject.Api.csproj", "{6994E57E-F8C8-4830-B5BF-09C67B318877}"
EndProject
Global
	GlobalSection(SolutionConfigurationPlatforms) = preSolution
		Debug|Any CPU = Debug|Any CPU
		Release|Any CPU = Release|Any CPU
	EndGlobalSection
	GlobalSection(ProjectConfigurationPlatforms) = postSolution
		{4604C126-556C-4AC1-B099-07567D1327F0}.Debug|Any CPU.ActiveCfg = Debug|Any CPU
		{4604C126-556C-4AC1-B099-07567D1327F0}.Debug|Any CPU.Build.0 = Debug|Any CPU
		{4604C126-556C-4AC1-B099-07567D1327F0}.Release|Any CPU.ActiveCfg = Release|Any CPU
		{4604C126-556C-4AC1-B099-07567D1327F0}.Release|Any CPU.Build.0 = Release|Any CPU
		{6994E57E-F8C8-4830-B5BF-09C67B318877}.Debug|Any CPU.ActiveCfg = Debug|Any CPU
		{6994E57E-F8C8-4830-B5BF-09C67B318877}.Debug|Any CPU.Build.0 = Debug|Any CPU
		{6994E57E-F8C8-4830-B5BF-09C67B318877}.Release|Any CPU.ActiveCfg = Release|Any CPU
		{6994E57E-F8C8-4830-B5BF-09C67B318877}.Release|Any CPU.Build.0 = Release|Any CPU
	EndGlobalSection
	GlobalSection(SolutionProperties) = preSolution
		HideSolutionNode = FALSE
	EndGlobalSection
	GlobalSection(ExtensibilityGlobals) = postSolution
		SolutionGuid = {9FD247B7-E5B9-48BA-A72C-EA71407A35A9}
	EndGlobalSection
EndGlobal
